
Microsoft Visual Studio Solution File, Format Version 12.00
# Visual Studio Version 16
VisualStudioVersion = 16.0.29215.179
MinimumVisualStudioVersion = 10.0.40219.1
Project("{FAE04EC0-301F-11D3-BF4B-00C04F79EFBC}") = "WebApplication1", "WebApplication1\WebApplication1.csproj", "{1CB0B5C7-DEB6-4872-8F86-0B24E30C8DF3}"
EndProject
Global
	GlobalSection(SolutionConfigurationPlatforms) = preSolution
		Debug|Any CPU = Debug|Any CPU
		Release|Any CPU = Release|Any CPU
	EndGlobalSection
	GlobalSection(ProjectConfigurationPlatforms) = postSolution
		{1CB0B5C7-DEB6-4872-8F86-0B24E30C8DF3}.Debug|Any CPU.ActiveCfg = Debug|Any CPU
		{1CB0B5C7-DEB6-4872-8F86-0B24E30C8DF3}.Debug|Any CPU.Build.0 = Debug|Any CPU
		{1CB0B5C7-DEB6-4872-8F86-0B24E30C8DF3}.Release|Any CPU.ActiveCfg = Release|Any CPU
		{1CB0B5C7-DEB6-4872-8F86-0B24E30C8DF3}.Release|Any CPU.Build.0 = Release|Any CPU
	EndGlobalSection
	GlobalSection(SolutionProperties) = preSolution
		HideSolutionNode = FALSE
	EndGlobalSection
	GlobalSection(ExtensibilityGlobals) = postSolution
		SolutionGuid = {3D94A71D-49AB-4A99-83BF-AD431ECEC29B}
	EndGlobalSection
EndGlobal
